// !$*UTF8*$!
{
	archiveVersion = 1;
	classes = {
	};
	objectVersion = 46;
	objects = {

/* Begin PBXBuildFile section */
		969678911CB6626800800183 /* KKAreaPicker.m in Sources */ = {isa = PBXBuildFile; fileRef = 969678811CB6626800800183 /* KKAreaPicker.m */; };
		969678921CB6626800800183 /* KKDateTimePicker.m in Sources */ = {isa = PBXBuildFile; fileRef = 969678831CB6626800800183 /* KKDateTimePicker.m */; };
		969678931CB6626800800183 /* KKMultiStringPicker.m in Sources */ = {isa = PBXBuildFile; fileRef = 969678851CB6626800800183 /* KKMultiStringPicker.m */; };
		969678941CB6626800800183 /* KKPickerAbstract.m in Sources */ = {isa = PBXBuildFile; fileRef = 969678871CB6626800800183 /* KKPickerAbstract.m */; };
		969678951CB6626800800183 /* KKPickerArea.plist in Resources */ = {isa = PBXBuildFile; fileRef = 969678881CB6626800800183 /* KKPickerArea.plist */; };
		969678961CB6626800800183 /* KKPickerCity.plist in Resources */ = {isa = PBXBuildFile; fileRef = 969678891CB6626800800183 /* KKPickerCity.plist */; };
		969678971CB6626800800183 /* KKPickerProvice.plist in Resources */ = {isa = PBXBuildFile; fileRef = 9696788A1CB6626800800183 /* KKPickerProvice.plist */; };
		969678981CB6626800800183 /* KKRangePicker.m in Sources */ = {isa = PBXBuildFile; fileRef = 9696788C1CB6626800800183 /* KKRangePicker.m */; };
		969678991CB6626800800183 /* KKStringPicker.m in Sources */ = {isa = PBXBuildFile; fileRef = 9696788E1CB6626800800183 /* KKStringPicker.m */; };
		9696789A1CB6626800800183 /* SafeControl.m in Sources */ = {isa = PBXBuildFile; fileRef = 969678901CB6626800800183 /* SafeControl.m */; };
		9696789D1CB6658000800183 /* DemoTableViewController.m in Sources */ = {isa = PBXBuildFile; fileRef = 9696789C1CB6658000800183 /* DemoTableViewController.m */; };
		9696789F1CB666B100800183 /* Launch.storyboard in Resources */ = {isa = PBXBuildFile; fileRef = 9696789E1CB666B100800183 /* Launch.storyboard */; };
		96AB2671195BD1BA00855583 /* Foundation.framework in Frameworks */ = {isa = PBXBuildFile; fileRef = 96AB2670195BD1BA00855583 /* Foundation.framework */; };
		96AB2673195BD1BA00855583 /* CoreGraphics.framework in Frameworks */ = {isa = PBXBuildFile; fileRef = 96AB2672195BD1BA00855583 /* CoreGraphics.framework */; };
		96AB2675195BD1BA00855583 /* UIKit.framework in Frameworks */ = {isa = PBXBuildFile; fileRef = 96AB2674195BD1BA00855583 /* UIKit.framework */; };
		96AB267B195BD1BA00855583 /* InfoPlist.strings in Resources */ = {isa = PBXBuildFile; fileRef = 96AB2679195BD1BA00855583 /* InfoPlist.strings */; };
		96AB267D195BD1BA00855583 /* main.m in Sources */ = {isa = PBXBuildFile; fileRef = 96AB267C195BD1BA00855583 /* main.m */; };
		96AB2681195BD1BA00855583 /* AppDelegate.m in Sources */ = {isa = PBXBuildFile; fileRef = 96AB2680195BD1BA00855583 /* AppDelegate.m */; };
		96AB2684195BD1BA00855583 /* Main.storyboard in Resources */ = {isa = PBXBuildFile; fileRef = 96AB2682195BD1BA00855583 /* Main.storyboard */; };
		96AB2689195BD1BA00855583 /* Images.xcassets in Resources */ = {isa = PBXBuildFile; fileRef = 96AB2688195BD1BA00855583 /* Images.xcassets */; };
		96AB2690195BD1BA00855583 /* XCTest.framework in Frameworks */ = {isa = PBXBuildFile; fileRef = 96AB268F195BD1BA00855583 /* XCTest.framework */; };
		96AB2691195BD1BA00855583 /* Foundation.framework in Frameworks */ = {isa = PBXBuildFile; fileRef = 96AB2670195BD1BA00855583 /* Foundation.framework */; };
		96AB2692195BD1BA00855583 /* UIKit.framework in Frameworks */ = {isa = PBXBuildFile; fileRef = 96AB2674195BD1BA00855583 /* UIKit.framework */; };
		96AB269A195BD1BA00855583 /* InfoPlist.strings in Resources */ = {isa = PBXBuildFile; fileRef = 96AB2698195BD1BA00855583 /* InfoPlist.strings */; };
		96AB269C195BD1BA00855583 /* KKPickerDemoTests.m in Sources */ = {isa = PBXBuildFile; fileRef = 96AB269B195BD1BA00855583 /* KKPickerDemoTests.m */; };
/* End PBXBuildFile section */

/* Begin PBXContainerItemProxy section */
		96AB2693195BD1BA00855583 /* PBXContainerItemProxy */ = {
			isa = PBXContainerItemProxy;
			containerPortal = 96AB2665195BD1BA00855583 /* Project object */;
			proxyType = 1;
			remoteGlobalIDString = 96AB266C195BD1BA00855583;
			remoteInfo = KKPickerDemo;
		};
/* End PBXContainerItemProxy section */

/* Begin PBXFileReference section */
		969678801CB6626800800183 /* KKAreaPicker.h */ = {isa = PBXFileReference; fileEncoding = 4; lastKnownFileType = sourcecode.c.h; path = KKAreaPicker.h; sourceTree = "<group>"; };
		969678811CB6626800800183 /* KKAreaPicker.m */ = {isa = PBXFileReference; fileEncoding = 4; lastKnownFileType = sourcecode.c.objc; path = KKAreaPicker.m; sourceTree = "<group>"; };
		969678821CB6626800800183 /* KKDateTimePicker.h */ = {isa = PBXFileReference; fileEncoding = 4; lastKnownFileType = sourcecode.c.h; path = KKDateTimePicker.h; sourceTree = "<group>"; };
		969678831CB6626800800183 /* KKDateTimePicker.m */ = {isa = PBXFileReference; fileEncoding = 4; lastKnownFileType = sourcecode.c.objc; path = KKDateTimePicker.m; sourceTree = "<group>"; };
		969678841CB6626800800183 /* KKMultiStringPicker.h */ = {isa = PBXFileReference; fileEncoding = 4; lastKnownFileType = sourcecode.c.h; path = KKMultiStringPicker.h; sourceTree = "<group>"; };
		969678851CB6626800800183 /* KKMultiStringPicker.m */ = {isa = PBXFileReference; fileEncoding = 4; lastKnownFileType = sourcecode.c.objc; path = KKMultiStringPicker.m; sourceTree = "<group>"; };
		969678861CB6626800800183 /* KKPickerAbstract.h */ = {isa = PBXFileReference; fileEncoding = 4; lastKnownFileType = sourcecode.c.h; path = KKPickerAbstract.h; sourceTree = "<group>"; };
		969678871CB6626800800183 /* KKPickerAbstract.m */ = {isa = PBXFileReference; fileEncoding = 4; lastKnownFileType = sourcecode.c.objc; path = KKPickerAbstract.m; sourceTree = "<group>"; };
		969678881CB6626800800183 /* KKPickerArea.plist */ = {isa = PBXFileReference; fileEncoding = 4; lastKnownFileType = text.plist.xml; path = KKPickerArea.plist; sourceTree = "<group>"; };
		969678891CB6626800800183 /* KKPickerCity.plist */ = {isa = PBXFileReference; fileEncoding = 4; lastKnownFileType = text.plist.xml; path = KKPickerCity.plist; sourceTree = "<group>"; };
		9696788A1CB6626800800183 /* KKPickerProvice.plist */ = {isa = PBXFileReference; fileEncoding = 4; lastKnownFileType = text.plist.xml; path = KKPickerProvice.plist; sourceTree = "<group>"; };
		9696788B1CB6626800800183 /* KKRangePicker.h */ = {isa = PBXFileReference; fileEncoding = 4; lastKnownFileType = sourcecode.c.h; path = KKRangePicker.h; sourceTree = "<group>"; };
		9696788C1CB6626800800183 /* KKRangePicker.m */ = {isa = PBXFileReference; fileEncoding = 4; lastKnownFileType = sourcecode.c.objc; path = KKRangePicker.m; sourceTree = "<group>"; };
		9696788D1CB6626800800183 /* KKStringPicker.h */ = {isa = PBXFileReference; fileEncoding = 4; lastKnownFileType = sourcecode.c.h; path = KKStringPicker.h; sourceTree = "<group>"; };
		9696788E1CB6626800800183 /* KKStringPicker.m */ = {isa = PBXFileReference; fileEncoding = 4; lastKnownFileType = sourcecode.c.objc; path = KKStringPicker.m; sourceTree = "<group>"; };
		9696788F1CB6626800800183 /* SafeControl.h */ = {isa = PBXFileReference; fileEncoding = 4; lastKnownFileType = sourcecode.c.h; path = SafeControl.h; sourceTree = "<group>"; };
		969678901CB6626800800183 /* SafeControl.m */ = {isa = PBXFileReference; fileEncoding = 4; lastKnownFileType = sourcecode.c.objc; path = SafeControl.m; sourceTree = "<group>"; };
		9696789B1CB6658000800183 /* DemoTableViewController.h */ = {isa = PBXFileReference; fileEncoding = 4; lastKnownFileType = sourcecode.c.h; path = DemoTableViewController.h; sourceTree = "<group>"; };
		9696789C1CB6658000800183 /* DemoTableViewController.m */ = {isa = PBXFileReference; fileEncoding = 4; lastKnownFileType = sourcecode.c.objc; path = DemoTableViewController.m; sourceTree = "<group>"; };
		9696789E1CB666B100800183 /* Launch.storyboard */ = {isa = PBXFileReference; fileEncoding = 4; lastKnownFileType = file.storyboard; path = Launch.storyboard; sourceTree = "<group>"; };
		96AB266D195BD1BA00855583 /* KKPickerDemo.app */ = {isa = PBXFileReference; explicitFileType = wrapper.application; includeInIndex = 0; path = KKPickerDemo.app; sourceTree = BUILT_PRODUCTS_DIR; };
		96AB2670195BD1BA00855583 /* Foundation.framework */ = {isa = PBXFileReference; lastKnownFileType = wrapper.framework; name = Foundation.framework; path = System/Library/Frameworks/Foundation.framework; sourceTree = SDKROOT; };
		96AB2672195BD1BA00855583 /* CoreGraphics.framework */ = {isa = PBXFileReference; lastKnownFileType = wrapper.framework; name = CoreGraphics.framework; path = System/Library/Frameworks/CoreGraphics.framework; sourceTree = SDKROOT; };
		96AB2674195BD1BA00855583 /* UIKit.framework */ = {isa = PBXFileReference; lastKnownFileType = wrapper.framework; name = UIKit.framework; path = System/Library/Frameworks/UIKit.framework; sourceTree = SDKROOT; };
		96AB2678195BD1BA00855583 /* KKPickerDemo-Info.plist */ = {isa = PBXFileReference; lastKnownFileType = text.plist.xml; path = "KKPickerDemo-Info.plist"; sourceTree = "<group>"; };
		96AB267A195BD1BA00855583 /* en */ = {isa = PBXFileReference; lastKnownFileType = text.plist.strings; name = en; path = en.lproj/InfoPlist.strings; sourceTree = "<group>"; };
		96AB267C195BD1BA00855583 /* main.m */ = {isa = PBXFileReference; lastKnownFileType = sourcecode.c.objc; path = main.m; sourceTree = "<group>"; };
		96AB267E195BD1BA00855583 /* KKPickerDemo-Prefix.pch */ = {isa = PBXFileReference; lastKnownFileType = sourcecode.c.h; path = "KKPickerDemo-Prefix.pch"; sourceTree = "<group>"; };
		96AB267F195BD1BA00855583 /* AppDelegate.h */ = {isa = PBXFileReference; lastKnownFileType = sourcecode.c.h; path = AppDelegate.h; sourceTree = "<group>"; };
		96AB2680195BD1BA00855583 /* AppDelegate.m */ = {isa = PBXFileReference; lastKnownFileType = sourcecode.c.objc; path = AppDelegate.m; sourceTree = "<group>"; };
		96AB2683195BD1BA00855583 /* Base */ = {isa = PBXFileReference; lastKnownFileType = file.storyboard; name = Base; path = Base.lproj/Main.storyboard; sourceTree = "<group>"; };
		96AB2688195BD1BA00855583 /* Images.xcassets */ = {isa = PBXFileReference; lastKnownFileType = folder.assetcatalog; path = Images.xcassets; sourceTree = "<group>"; };
		96AB268E195BD1BA00855583 /* KKPickerDemoTests.xctest */ = {isa = PBXFileReference; explicitFileType = wrapper.cfbundle; includeInIndex = 0; path = KKPickerDemoTests.xctest; sourceTree = BUILT_PRODUCTS_DIR; };
		96AB268F195BD1BA00855583 /* XCTest.framework */ = {isa = PBXFileReference; lastKnownFileType = wrapper.framework; name = XCTest.framework; path = Library/Frameworks/XCTest.framework; sourceTree = DEVELOPER_DIR; };
		96AB2697195BD1BA00855583 /* KKPickerDemoTests-Info.plist */ = {isa = PBXFileReference; lastKnownFileType = text.plist.xml; path = "KKPickerDemoTests-Info.plist"; sourceTree = "<group>"; };
		96AB2699195BD1BA00855583 /* en */ = {isa = PBXFileReference; lastKnownFileType = text.plist.strings; name = en; path = en.lproj/InfoPlist.strings; sourceTree = "<group>"; };
		96AB269B195BD1BA00855583 /* KKPickerDemoTests.m */ = {isa = PBXFileReference; lastKnownFileType = sourcecode.c.objc; path = KKPickerDemoTests.m; sourceTree = "<group>"; };
/* End PBXFileReference section */

/* Begin PBXFrameworksBuildPhase section */
		96AB266A195BD1BA00855583 /* Frameworks */ = {
			isa = PBXFrameworksBuildPhase;
			buildActionMask = 2147483647;
			files = (
				96AB2673195BD1BA00855583 /* CoreGraphics.framework in Frameworks */,
				96AB2675195BD1BA00855583 /* UIKit.framework in Frameworks */,
				96AB2671195BD1BA00855583 /* Foundation.framework in Frameworks */,
			);
			runOnlyForDeploymentPostprocessing = 0;
		};
		96AB268B195BD1BA00855583 /* Frameworks */ = {
			isa = PBXFrameworksBuildPhase;
			buildActionMask = 2147483647;
			files = (
				96AB2690195BD1BA00855583 /* XCTest.framework in Frameworks */,
				96AB2692195BD1BA00855583 /* UIKit.framework in Frameworks */,
				96AB2691195BD1BA00855583 /* Foundation.framework in Frameworks */,
			);
			runOnlyForDeploymentPostprocessing = 0;
		};
/* End PBXFrameworksBuildPhase section */

/* Begin PBXGroup section */
		9696787F1CB6626800800183 /* KKPicker */ = {
			isa = PBXGroup;
			children = (
				969678801CB6626800800183 /* KKAreaPicker.h */,
				969678811CB6626800800183 /* KKAreaPicker.m */,
				969678821CB6626800800183 /* KKDateTimePicker.h */,
				969678831CB6626800800183 /* KKDateTimePicker.m */,
				969678841CB6626800800183 /* KKMultiStringPicker.h */,
				969678851CB6626800800183 /* KKMultiStringPicker.m */,
				969678861CB6626800800183 /* KKPickerAbstract.h */,
				969678871CB6626800800183 /* KKPickerAbstract.m */,
				969678881CB6626800800183 /* KKPickerArea.plist */,
				969678891CB6626800800183 /* KKPickerCity.plist */,
				9696788A1CB6626800800183 /* KKPickerProvice.plist */,
				9696788B1CB6626800800183 /* KKRangePicker.h */,
				9696788C1CB6626800800183 /* KKRangePicker.m */,
				9696788D1CB6626800800183 /* KKStringPicker.h */,
				9696788E1CB6626800800183 /* KKStringPicker.m */,
				9696788F1CB6626800800183 /* SafeControl.h */,
				969678901CB6626800800183 /* SafeControl.m */,
			);
			name = KKPicker;
			path = ../KKPicker;
			sourceTree = "<group>";
		};
		96AB2664195BD1BA00855583 = {
			isa = PBXGroup;
			children = (
				9696787F1CB6626800800183 /* KKPicker */,
				96AB2676195BD1BA00855583 /* KKPickerDemo */,
				96AB2695195BD1BA00855583 /* KKPickerDemoTests */,
				96AB266F195BD1BA00855583 /* Frameworks */,
				96AB266E195BD1BA00855583 /* Products */,
			);
			sourceTree = "<group>";
		};
		96AB266E195BD1BA00855583 /* Products */ = {
			isa = PBXGroup;
			children = (
				96AB266D195BD1BA00855583 /* KKPickerDemo.app */,
				96AB268E195BD1BA00855583 /* KKPickerDemoTests.xctest */,
			);
			name = Products;
			sourceTree = "<group>";
		};
		96AB266F195BD1BA00855583 /* Frameworks */ = {
			isa = PBXGroup;
			children = (
				96AB2670195BD1BA00855583 /* Foundation.framework */,
				96AB2672195BD1BA00855583 /* CoreGraphics.framework */,
				96AB2674195BD1BA00855583 /* UIKit.framework */,
				96AB268F195BD1BA00855583 /* XCTest.framework */,
			);
			name = Frameworks;
			sourceTree = "<group>";
		};
		96AB2676195BD1BA00855583 /* KKPickerDemo */ = {
			isa = PBXGroup;
			children = (
				96AB267F195BD1BA00855583 /* AppDelegate.h */,
				96AB2680195BD1BA00855583 /* AppDelegate.m */,
				96AB2682195BD1BA00855583 /* Main.storyboard */,
				96AB2688195BD1BA00855583 /* Images.xcassets */,
				96AB2677195BD1BA00855583 /* Supporting Files */,
				9696789B1CB6658000800183 /* DemoTableViewController.h */,
				9696789C1CB6658000800183 /* DemoTableViewController.m */,
				9696789E1CB666B100800183 /* Launch.storyboard */,
			);
			path = KKPickerDemo;
			sourceTree = "<group>";
		};
		96AB2677195BD1BA00855583 /* Supporting Files */ = {
			isa = PBXGroup;
			children = (
				96AB2678195BD1BA00855583 /* KKPickerDemo-Info.plist */,
				96AB2679195BD1BA00855583 /* InfoPlist.strings */,
				96AB267C195BD1BA00855583 /* main.m */,
				96AB267E195BD1BA00855583 /* KKPickerDemo-Prefix.pch */,
			);
			name = "Supporting Files";
			sourceTree = "<group>";
		};
		96AB2695195BD1BA00855583 /* KKPickerDemoTests */ = {
			isa = PBXGroup;
			children = (
				96AB269B195BD1BA00855583 /* KKPickerDemoTests.m */,
				96AB2696195BD1BA00855583 /* Supporting Files */,
			);
			path = KKPickerDemoTests;
			sourceTree = "<group>";
		};
		96AB2696195BD1BA00855583 /* Supporting Files */ = {
			isa = PBXGroup;
			children = (
				96AB2697195BD1BA00855583 /* KKPickerDemoTests-Info.plist */,
				96AB2698195BD1BA00855583 /* InfoPlist.strings */,
			);
			name = "Supporting Files";
			sourceTree = "<group>";
		};
/* End PBXGroup section */

/* Begin PBXNativeTarget section */
		96AB266C195BD1BA00855583 /* KKPickerDemo */ = {
			isa = PBXNativeTarget;
			buildConfigurationList = 96AB269F195BD1BA00855583 /* Build configuration list for PBXNativeTarget "KKPickerDemo" */;
			buildPhases = (
				96AB2669195BD1BA00855583 /* Sources */,
				96AB266A195BD1BA00855583 /* Frameworks */,
				96AB266B195BD1BA00855583 /* Resources */,
			);
			buildRules = (
			);
			dependencies = (
			);
			name = KKPickerDemo;
			productName = KKPickerDemo;
			productReference = 96AB266D195BD1BA00855583 /* KKPickerDemo.app */;
			productType = "com.apple.product-type.application";
		};
		96AB268D195BD1BA00855583 /* KKPickerDemoTests */ = {
			isa = PBXNativeTarget;
			buildConfigurationList = 96AB26A2195BD1BA00855583 /* Build configuration list for PBXNativeTarget "KKPickerDemoTests" */;
			buildPhases = (
				96AB268A195BD1BA00855583 /* Sources */,
				96AB268B195BD1BA00855583 /* Frameworks */,
				96AB268C195BD1BA00855583 /* Resources */,
			);
			buildRules = (
			);
			dependencies = (
				96AB2694195BD1BA00855583 /* PBXTargetDependency */,
			);
			name = KKPickerDemoTests;
			productName = KKPickerDemoTests;
			productReference = 96AB268E195BD1BA00855583 /* KKPickerDemoTests.xctest */;
			productType = "com.apple.product-type.bundle.unit-test";
		};
/* End PBXNativeTarget section */

/* Begin PBXProject section */
		96AB2665195BD1BA00855583 /* Project object */ = {
			isa = PBXProject;
			attributes = {
				LastUpgradeCheck = 0510;
				ORGANIZATIONNAME = Jaykon;
				TargetAttributes = {
					96AB268D195BD1BA00855583 = {
						TestTargetID = 96AB266C195BD1BA00855583;
					};
				};
			};
			buildConfigurationList = 96AB2668195BD1BA00855583 /* Build configuration list for PBXProject "KKPickerDemo" */;
			compatibilityVersion = "Xcode 3.2";
			developmentRegion = English;
			hasScannedForEncodings = 0;
			knownRegions = (
				en,
				Base,
			);
			mainGroup = 96AB2664195BD1BA00855583;
			productRefGroup = 96AB266E195BD1BA00855583 /* Products */;
			projectDirPath = "";
			projectRoot = "";
			targets = (
				96AB266C195BD1BA00855583 /* KKPickerDemo */,
				96AB268D195BD1BA00855583 /* KKPickerDemoTests */,
			);
		};
/* End PBXProject section */

/* Begin PBXResourcesBuildPhase section */
		96AB266B195BD1BA00855583 /* Resources */ = {
			isa = PBXResourcesBuildPhase;
			buildActionMask = 2147483647;
			files = (
				96AB2689195BD1BA00855583 /* Images.xcassets in Resources */,
				969678971CB6626800800183 /* KKPickerProvice.plist in Resources */,
				969678951CB6626800800183 /* KKPickerArea.plist in Resources */,
				96AB267B195BD1BA00855583 /* InfoPlist.strings in Resources */,
				9696789F1CB666B100800183 /* Launch.storyboard in Resources */,
				96AB2684195BD1BA00855583 /* Main.storyboard in Resources */,
				969678961CB6626800800183 /* KKPickerCity.plist in Resources */,
			);
			runOnlyForDeploymentPostprocessing = 0;
		};
		96AB268C195BD1BA00855583 /* Resources */ = {
			isa = PBXResourcesBuildPhase;
			buildActionMask = 2147483647;
			files = (
				96AB269A195BD1BA00855583 /* InfoPlist.strings in Resources */,
			);
			runOnlyForDeploymentPostprocessing = 0;
		};
/* End PBXResourcesBuildPhase section */

/* Begin PBXSourcesBuildPhase section */
		96AB2669195BD1BA00855583 /* Sources */ = {
			isa = PBXSourcesBuildPhase;
			buildActionMask = 2147483647;
			files = (
				96AB2681195BD1BA00855583 /* AppDelegate.m in Sources */,
				9696789A1CB6626800800183 /* SafeControl.m in Sources */,
				969678931CB6626800800183 /* KKMultiStringPicker.m in Sources */,
				9696789D1CB6658000800183 /* DemoTableViewController.m in Sources */,
				969678991CB6626800800183 /* KKStringPicker.m in Sources */,
				969678981CB6626800800183 /* KKRangePicker.m in Sources */,
				969678911CB6626800800183 /* KKAreaPicker.m in Sources */,
				969678921CB6626800800183 /* KKDateTimePicker.m in Sources */,
				969678941CB6626800800183 /* KKPickerAbstract.m in Sources */,
				96AB267D195BD1BA00855583 /* main.m in Sources */,
			);
			runOnlyForDeploymentPostprocessing = 0;
		};
		96AB268A195BD1BA00855583 /* Sources */ = {
			isa = PBXSourcesBuildPhase;
			buildActionMask = 2147483647;
			files = (
				96AB269C195BD1BA00855583 /* KKPickerDemoTests.m in Sources */,
			);
			runOnlyForDeploymentPostprocessing = 0;
		};
/* End PBXSourcesBuildPhase section */

/* Begin PBXTargetDependency section */
		96AB2694195BD1BA00855583 /* PBXTargetDependency */ = {
			isa = PBXTargetDependency;
			target = 96AB266C195BD1BA00855583 /* KKPickerDemo */;
			targetProxy = 96AB2693195BD1BA00855583 /* PBXContainerItemProxy */;
		};
/* End PBXTargetDependency section */

/* Begin PBXVariantGroup section */
		96AB2679195BD1BA00855583 /* InfoPlist.strings */ = {
			isa = PBXVariantGroup;
			children = (
				96AB267A195BD1BA00855583 /* en */,
			);
			name = InfoPlist.strings;
			sourceTree = "<group>";
		};
		96AB2682195BD1BA00855583 /* Main.storyboard */ = {
			isa = PBXVariantGroup;
			children = (
				96AB2683195BD1BA00855583 /* Base */,
			);
			name = Main.storyboard;
			sourceTree = "<group>";
		};
		96AB2698195BD1BA00855583 /* InfoPlist.strings */ = {
			isa = PBXVariantGroup;
			children = (
				96AB2699195BD1BA00855583 /* en */,
			);
			name = InfoPlist.strings;
			sourceTree = "<group>";
		};
/* End PBXVariantGroup section */

/* Begin XCBuildConfiguration section */
		96AB269D195BD1BA00855583 /* Debug */ = {
			isa = XCBuildConfiguration;
			buildSettings = {
				ALWAYS_SEARCH_USER_PATHS = NO;
				CLANG_CXX_LANGUAGE_STANDARD = "gnu++0x";
				CLANG_CXX_LIBRARY = "libc++";
				CLANG_ENABLE_MODULES = YES;
				CLANG_ENABLE_OBJC_ARC = YES;
				CLANG_WARN_BOOL_CONVERSION = YES;
				CLANG_WARN_CONSTANT_CONVERSION = YES;
				CLANG_WARN_DIRECT_OBJC_ISA_USAGE = YES_ERROR;
				CLANG_WARN_EMPTY_BODY = YES;
				CLANG_WARN_ENUM_CONVERSION = YES;
				CLANG_WARN_INT_CONVERSION = YES;
				CLANG_WARN_OBJC_ROOT_CLASS = YES_ERROR;
				CLANG_WARN__DUPLICATE_METHOD_MATCH = YES;
				"CODE_SIGN_IDENTITY[sdk=iphoneos*]" = "iPhone Developer";
				COPY_PHASE_STRIP = NO;
				GCC_C_LANGUAGE_STANDARD = gnu99;
				GCC_DYNAMIC_NO_PIC = NO;
				GCC_OPTIMIZATION_LEVEL = 0;
				GCC_PREPROCESSOR_DEFINITIONS = (
					"DEBUG=1",
					"$(inherited)",
				);
				GCC_SYMBOLS_PRIVATE_EXTERN = NO;
				GCC_WARN_64_TO_32_BIT_CONVERSION = YES;
				GCC_WARN_ABOUT_RETURN_TYPE = YES_ERROR;
				GCC_WARN_UNDECLARED_SELECTOR = YES;
				GCC_WARN_UNINITIALIZED_AUTOS = YES_AGGRESSIVE;
				GCC_WARN_UNUSED_FUNCTION = YES;
				GCC_WARN_UNUSED_VARIABLE = YES;
				IPHONEOS_DEPLOYMENT_TARGET = 7.1;
				ONLY_ACTIVE_ARCH = YES;
				SDKROOT = iphoneos;
			};
			name = Debug;
		};
		96AB269E195BD1BA00855583 /* Release */ = {
			isa = XCBuildConfiguration;
			buildSettings = {
				ALWAYS_SEARCH_USER_PATHS = NO;
				CLANG_CXX_LANGUAGE_STANDARD = "gnu++0x";
				CLANG_CXX_LIBRARY = "libc++";
				CLANG_ENABLE_MODULES = YES;
				CLANG_ENABLE_OBJC_ARC = YES;
				CLANG_WARN_BOOL_CONVERSION = YES;
				CLANG_WARN_CONSTANT_CONVERSION = YES;
				CLANG_WARN_DIRECT_OBJC_ISA_USAGE = YES_ERROR;
				CLANG_WARN_EMPTY_BODY = YES;
				CLANG_WARN_ENUM_CONVERSION = YES;
				CLANG_WARN_INT_CONVERSION = YES;
				CLANG_WARN_OBJC_ROOT_CLASS = YES_ERROR;
				CLANG_WARN__DUPLICATE_METHOD_MATCH = YES;
				"CODE_SIGN_IDENTITY[sdk=iphoneos*]" = "iPhone Developer";
				COPY_PHASE_STRIP = YES;
				ENABLE_NS_ASSERTIONS = NO;
				GCC_C_LANGUAGE_STANDARD = gnu99;
				GCC_WARN_64_TO_32_BIT_CONVERSION = YES;
				GCC_WARN_ABOUT_RETURN_TYPE = YES_ERROR;
				GCC_WARN_UNDECLARED_SELECTOR = YES;
				GCC_WARN_UNINITIALIZED_AUTOS = YES_AGGRESSIVE;
				GCC_WARN_UNUSED_FUNCTION = YES;
				GCC_WARN_UNUSED_VARIABLE = YES;
				IPHONEOS_DEPLOYMENT_TARGET = 7.1;
				SDKROOT = iphoneos;
				VALIDATE_PRODUCT = YES;
			};
			name = Release;
		};
		96AB26A0195BD1BA00855583 /* Debug */ = {
			isa = XCBuildConfiguration;
			buildSettings = {
				ASSETCATALOG_COMPILER_APPICON_NAME = AppIcon;
				ASSETCATALOG_COMPILER_LAUNCHIMAGE_NAME = LaunchImage;
				GCC_PRECOMPILE_PREFIX_HEADER = YES;
				GCC_PREFIX_HEADER = "KKPickerDemo/KKPickerDemo-Prefix.pch";
				INFOPLIST_FILE = "KKPickerDemo/KKPickerDemo-Info.plist";
				IPHONEOS_DEPLOYMENT_TARGET = 6.0;
				PRODUCT_NAME = "$(TARGET_NAME)";
				WRAPPER_EXTENSION = app;
			};
			name = Debug;
		};
		96AB26A1195BD1BA00855583 /* Release */ = {
			isa = XCBuildConfiguration;
			buildSettings = {
				ASSETCATALOG_COMPILER_APPICON_NAME = AppIcon;
				ASSETCATALOG_COMPILER_LAUNCHIMAGE_NAME = LaunchImage;
				GCC_PRECOMPILE_PREFIX_HEADER = YES;
				GCC_PREFIX_HEADER = "KKPickerDemo/KKPickerDemo-Prefix.pch";
				INFOPLIST_FILE = "KKPickerDemo/KKPickerDemo-Info.plist";
				IPHONEOS_DEPLOYMENT_TARGET = 6.0;
				PRODUCT_NAME = "$(TARGET_NAME)";
				WRAPPER_EXTENSION = app;
			};
			name = Release;
		};
		96AB26A3195BD1BA00855583 /* Debug */ = {
			isa = XCBuildConfiguration;
			buildSettings = {
				BUNDLE_LOADER = "$(BUILT_PRODUCTS_DIR)/KKPickerDemo.app/KKPickerDemo";
				FRAMEWORK_SEARCH_PATHS = (
					"$(SDKROOT)/Developer/Library/Frameworks",
					"$(inherited)",
					"$(DEVELOPER_FRAMEWORKS_DIR)",
				);
				GCC_PRECOMPILE_PREFIX_HEADER = YES;
				GCC_PREFIX_HEADER = "KKPickerDemo/KKPickerDemo-Prefix.pch";
				GCC_PREPROCESSOR_DEFINITIONS = (
					"DEBUG=1",
					"$(inherited)",
				);
				INFOPLIST_FILE = "KKPickerDemoTests/KKPickerDemoTests-Info.plist";
				PRODUCT_NAME = "$(TARGET_NAME)";
				TEST_HOST = "$(BUNDLE_LOADER)";
				WRAPPER_EXTENSION = xctest;
			};
			name = Debug;
		};
		96AB26A4195BD1BA00855583 /* Release */ = {
			isa = XCBuildConfiguration;
			buildSettings = {
				BUNDLE_LOADER = "$(BUILT_PRODUCTS_DIR)/KKPickerDemo.app/KKPickerDemo";
				FRAMEWORK_SEARCH_PATHS = (
					"$(SDKROOT)/Developer/Library/Frameworks",
					"$(inherited)",
					"$(DEVELOPER_FRAMEWORKS_DIR)",
				);
				GCC_PRECOMPILE_PREFIX_HEADER = YES;
				GCC_PREFIX_HEADER = "KKPickerDemo/KKPickerDemo-Prefix.pch";
				INFOPLIST_FILE = "KKPickerDemoTests/KKPickerDemoTests-Info.plist";
				PRODUCT_NAME = "$(TARGET_NAME)";
				TEST_HOST = "$(BUNDLE_LOADER)";
				WRAPPER_EXTENSION = xctest;
			};
			name = Release;
		};
/* End XCBuildConfiguration section */

/* Begin XCConfigurationList section */
		96AB2668195BD1BA00855583 /* Build configuration list for PBXProject "KKPickerDemo" */ = {
			isa = XCConfigurationList;
			buildConfigurations = (
				96AB269D195BD1BA00855583 /* Debug */,
				96AB269E195BD1BA00855583 /* Release */,
			);
			defaultConfigurationIsVisible = 0;
			defaultConfigurationName = Release;
		};
		96AB269F195BD1BA00855583 /* Build configuration list for PBXNativeTarget "KKPickerDemo" */ = {
			isa = XCConfigurationList;
			buildConfigurations = (
				96AB26A0195BD1BA00855583 /* Debug */,
				96AB26A1195BD1BA00855583 /* Release */,
			);
			defaultConfigurationIsVisible = 0;
			defaultConfigurationName = Release;
		};
		96AB26A2195BD1BA00855583 /* Build configuration list for PBXNativeTarget "KKPickerDemoTests" */ = {
			isa = XCConfigurationList;
			buildConfigurations = (
				96AB26A3195BD1BA00855583 /* Debug */,
				96AB26A4195BD1BA00855583 /* Release */,
			);
			defaultConfigurationIsVisible = 0;
			defaultConfigurationName = Release;
		};
/* End XCConfigurationList section */
	};
	rootObject = 96AB2665195BD1BA00855583 /* Project object */;
}
